
Microsoft Visual Studio Solution File, Format Version 12.00
# Visual Studio Version 17
VisualStudioVersion = 17.13.35818.85 d17.13
MinimumVisualStudioVersion = 10.0.40219.1
Project("{FAE04EC0-301F-11D3-BF4B-00C04F79EFBC}") = "StringProjekt", "StringProjekt\StringProjekt.csproj", "{79A179F1-6222-4521-ADD8-7EBDD09E292E}"
EndProject
Global
	GlobalSection(SolutionConfigurationPlatforms) = preSolution
		Debug|Any CPU = Debug|Any CPU
		Release|Any CPU = Release|Any CPU
	EndGlobalSection
	GlobalSection(ProjectConfigurationPlatforms) = postSolution
		{79A179F1-6222-4521-ADD8-7EBDD09E292E}.Debug|Any CPU.ActiveCfg = Debug|Any CPU
		{79A179F1-6222-4521-ADD8-7EBDD09E292E}.Debug|Any CPU.Build.0 = Debug|Any CPU
		{79A179F1-6222-4521-ADD8-7EBDD09E292E}.Release|Any CPU.ActiveCfg = Release|Any CPU
		{79A179F1-6222-4521-ADD8-7EBDD09E292E}.Release|Any CPU.Build.0 = Release|Any CPU
	EndGlobalSection
	GlobalSection(SolutionProperties) = preSolution
		HideSolutionNode = FALSE
	EndGlobalSection
	GlobalSection(ExtensibilityGlobals) = postSolution
		SolutionGuid = {00DC54CC-7CF3-4F07-8497-3A7F7C73F293}
	EndGlobalSection
EndGlobal
