
Microsoft Visual Studio Solution File, Format Version 12.00
# Visual Studio Version 17
VisualStudioVersion = 17.13.35913.81 d17.13
MinimumVisualStudioVersion = 10.0.40219.1
Project("{FAE04EC0-301F-11D3-BF4B-00C04F79EFBC}") = "SzamjegyekProjekt", "SzamjegyekProjekt.csproj", "{D4776F72-FA7B-4F5B-A90F-B99B83A7BE44}"
EndProject
Global
	GlobalSection(SolutionConfigurationPlatforms) = preSolution
		Debug|Any CPU = Debug|Any CPU
		Release|Any CPU = Release|Any CPU
	EndGlobalSection
	GlobalSection(ProjectConfigurationPlatforms) = postSolution
		{D4776F72-FA7B-4F5B-A90F-B99B83A7BE44}.Debug|Any CPU.ActiveCfg = Debug|Any CPU
		{D4776F72-FA7B-4F5B-A90F-B99B83A7BE44}.Debug|Any CPU.Build.0 = Debug|Any CPU
		{D4776F72-FA7B-4F5B-A90F-B99B83A7BE44}.Release|Any CPU.ActiveCfg = Release|Any CPU
		{D4776F72-FA7B-4F5B-A90F-B99B83A7BE44}.Release|Any CPU.Build.0 = Release|Any CPU
	EndGlobalSection
	GlobalSection(SolutionProperties) = preSolution
		HideSolutionNode = FALSE
	EndGlobalSection
	GlobalSection(ExtensibilityGlobals) = postSolution
		SolutionGuid = {95E34FF1-47B9-4EBB-9CB7-6C4DAAF25FA9}
	EndGlobalSection
EndGlobal
